{
  "name": "hms",
  "lockfileVersion": 3,
  "requires": true,
  "packages": {
    "": {
      "dependencies": {
        "popper.js": "^1.14.3"
      }
    },
    "node_modules/popper.js": {
      "version": "1.14.3",
      "resolved": "https://registry.npmjs.org/popper.js/-/popper.js-1.14.3.tgz",
      "integrity": "sha512-3lmujhsHXzb83+sI0PzfrE3O1XHZG8m8MXNMTupvA6LrM1/nnsiqYaacYc/RIente9VqnTDPztGEM8uvPAMGyg==",
      "deprecated": "You can find the new Popper v2 at @popperjs/core, this package is dedicated to the legacy v1"
    }
  }
}
